// !$*UTF8*$!
{
	archiveVersion = 1;
	classes = {
	};
	objectVersion = 46;
	objects = {

/* Begin PBXBuildFile section */
		1408739C1EF6A20D00A191E9 /* AppDelegate.swift in Sources */ = {isa = PBXBuildFile; fileRef = 1408739B1EF6A20D00A191E9 /* AppDelegate.swift */; };
		1408739E1EF6A20D00A191E9 /* ViewController.swift in Sources */ = {isa = PBXBuildFile; fileRef = 1408739D1EF6A20D00A191E9 /* ViewController.swift */; };
		140873A11EF6A20D00A191E9 /* Main.storyboard in Resources */ = {isa = PBXBuildFile; fileRef = 1408739F1EF6A20D00A191E9 /* Main.storyboard */; };
		140873A41EF6A20D00A191E9 /* SpotifyTag.xcdatamodeld in Sources */ = {isa = PBXBuildFile; fileRef = 140873A21EF6A20D00A191E9 /* SpotifyTag.xcdatamodeld */; };
		140873A61EF6A20D00A191E9 /* Assets.xcassets in Resources */ = {isa = PBXBuildFile; fileRef = 140873A51EF6A20D00A191E9 /* Assets.xcassets */; };
		140873A91EF6A20D00A191E9 /* LaunchScreen.storyboard in Resources */ = {isa = PBXBuildFile; fileRef = 140873A71EF6A20D00A191E9 /* LaunchScreen.storyboard */; };
		146481D81EF6F0BC0028C0B1 /* AccessTokenAdapter.swift in Sources */ = {isa = PBXBuildFile; fileRef = 146481D71EF6F0BC0028C0B1 /* AccessTokenAdapter.swift */; };
		14A09CBB1EF6AA080024C275 /* Config.swift in Sources */ = {isa = PBXBuildFile; fileRef = 14A09CBA1EF6AA080024C275 /* Config.swift */; };
		14A09CBF1EF6C7E10024C275 /* OAuth.swift in Sources */ = {isa = PBXBuildFile; fileRef = 14A09CBE1EF6C7E10024C275 /* OAuth.swift */; };
		3E0AEC4D3A736F9DF902C44E /* Pods_SpotifyTag.framework in Frameworks */ = {isa = PBXBuildFile; fileRef = 81353DB9695C1EE0049B0C0F /* Pods_SpotifyTag.framework */; };
/* End PBXBuildFile section */

/* Begin PBXFileReference section */
		140873981EF6A20D00A191E9 /* SpotifyTag.app */ = {isa = PBXFileReference; explicitFileType = wrapper.application; includeInIndex = 0; path = SpotifyTag.app; sourceTree = BUILT_PRODUCTS_DIR; };
		1408739B1EF6A20D00A191E9 /* AppDelegate.swift */ = {isa = PBXFileReference; lastKnownFileType = sourcecode.swift; path = AppDelegate.swift; sourceTree = "<group>"; };
		1408739D1EF6A20D00A191E9 /* ViewController.swift */ = {isa = PBXFileReference; lastKnownFileType = sourcecode.swift; path = ViewController.swift; sourceTree = "<group>"; };
		140873A01EF6A20D00A191E9 /* Base */ = {isa = PBXFileReference; lastKnownFileType = file.storyboard; name = Base; path = Base.lproj/Main.storyboard; sourceTree = "<group>"; };
		140873A31EF6A20D00A191E9 /* SpotifyTag.xcdatamodel */ = {isa = PBXFileReference; lastKnownFileType = wrapper.xcdatamodel; path = SpotifyTag.xcdatamodel; sourceTree = "<group>"; };
		140873A51EF6A20D00A191E9 /* Assets.xcassets */ = {isa = PBXFileReference; lastKnownFileType = folder.assetcatalog; path = Assets.xcassets; sourceTree = "<group>"; };
		140873A81EF6A20D00A191E9 /* Base */ = {isa = PBXFileReference; lastKnownFileType = file.storyboard; name = Base; path = Base.lproj/LaunchScreen.storyboard; sourceTree = "<group>"; };
		140873AA1EF6A20D00A191E9 /* Info.plist */ = {isa = PBXFileReference; lastKnownFileType = text.plist.xml; path = Info.plist; sourceTree = "<group>"; };
		146481D71EF6F0BC0028C0B1 /* AccessTokenAdapter.swift */ = {isa = PBXFileReference; fileEncoding = 4; lastKnownFileType = sourcecode.swift; path = AccessTokenAdapter.swift; sourceTree = "<group>"; };
		14A09CBA1EF6AA080024C275 /* Config.swift */ = {isa = PBXFileReference; fileEncoding = 4; lastKnownFileType = sourcecode.swift; path = Config.swift; sourceTree = "<group>"; };
		14A09CBE1EF6C7E10024C275 /* OAuth.swift */ = {isa = PBXFileReference; fileEncoding = 4; lastKnownFileType = sourcecode.swift; path = OAuth.swift; sourceTree = "<group>"; };
		3D5A9D1F67A8672D894B36B9 /* Pods-SpotifyTag.release.xcconfig */ = {isa = PBXFileReference; includeInIndex = 1; lastKnownFileType = text.xcconfig; name = "Pods-SpotifyTag.release.xcconfig"; path = "Pods/Target Support Files/Pods-SpotifyTag/Pods-SpotifyTag.release.xcconfig"; sourceTree = "<group>"; };
		81353DB9695C1EE0049B0C0F /* Pods_SpotifyTag.framework */ = {isa = PBXFileReference; explicitFileType = wrapper.framework; includeInIndex = 0; path = Pods_SpotifyTag.framework; sourceTree = BUILT_PRODUCTS_DIR; };
		A0102F174DDFBF1275AAA7DA /* Pods-SpotifyTag.debug.xcconfig */ = {isa = PBXFileReference; includeInIndex = 1; lastKnownFileType = text.xcconfig; name = "Pods-SpotifyTag.debug.xcconfig"; path = "Pods/Target Support Files/Pods-SpotifyTag/Pods-SpotifyTag.debug.xcconfig"; sourceTree = "<group>"; };
/* End PBXFileReference section */

/* Begin PBXFrameworksBuildPhase section */
		140873951EF6A20D00A191E9 /* Frameworks */ = {
			isa = PBXFrameworksBuildPhase;
			buildActionMask = 2147483647;
			files = (
				3E0AEC4D3A736F9DF902C44E /* Pods_SpotifyTag.framework in Frameworks */,
			);
			runOnlyForDeploymentPostprocessing = 0;
		};
/* End PBXFrameworksBuildPhase section */

/* Begin PBXGroup section */
		1408738F1EF6A20D00A191E9 = {
			isa = PBXGroup;
			children = (
				1408739A1EF6A20D00A191E9 /* SpotifyTag */,
				140873991EF6A20D00A191E9 /* Products */,
				9A7FEE232D7A3F76C5BC7AC3 /* Pods */,
				9844584262E069CFD820B6C9 /* Frameworks */,
			);
			sourceTree = "<group>";
		};
		140873991EF6A20D00A191E9 /* Products */ = {
			isa = PBXGroup;
			children = (
				140873981EF6A20D00A191E9 /* SpotifyTag.app */,
			);
			name = Products;
			sourceTree = "<group>";
		};
		1408739A1EF6A20D00A191E9 /* SpotifyTag */ = {
			isa = PBXGroup;
			children = (
				1408739B1EF6A20D00A191E9 /* AppDelegate.swift */,
				1408739D1EF6A20D00A191E9 /* ViewController.swift */,
				1408739F1EF6A20D00A191E9 /* Main.storyboard */,
				140873A51EF6A20D00A191E9 /* Assets.xcassets */,
				140873A71EF6A20D00A191E9 /* LaunchScreen.storyboard */,
				140873AA1EF6A20D00A191E9 /* Info.plist */,
				140873A21EF6A20D00A191E9 /* SpotifyTag.xcdatamodeld */,
				14A09CBA1EF6AA080024C275 /* Config.swift */,
				14A09CBE1EF6C7E10024C275 /* OAuth.swift */,
				146481D71EF6F0BC0028C0B1 /* AccessTokenAdapter.swift */,
			);
			path = SpotifyTag;
			sourceTree = "<group>";
		};
		9844584262E069CFD820B6C9 /* Frameworks */ = {
			isa = PBXGroup;
			children = (
				81353DB9695C1EE0049B0C0F /* Pods_SpotifyTag.framework */,
			);
			name = Frameworks;
			sourceTree = "<group>";
		};
		9A7FEE232D7A3F76C5BC7AC3 /* Pods */ = {
			isa = PBXGroup;
			children = (
				A0102F174DDFBF1275AAA7DA /* Pods-SpotifyTag.debug.xcconfig */,
				3D5A9D1F67A8672D894B36B9 /* Pods-SpotifyTag.release.xcconfig */,
			);
			name = Pods;
			sourceTree = "<group>";
		};
/* End PBXGroup section */

/* Begin PBXNativeTarget section */
		140873971EF6A20D00A191E9 /* SpotifyTag */ = {
			isa = PBXNativeTarget;
			buildConfigurationList = 140873AD1EF6A20D00A191E9 /* Build configuration list for PBXNativeTarget "SpotifyTag" */;
			buildPhases = (
				96739FED6CB67BA61A6EBA34 /* [CP] Check Pods Manifest.lock */,
				140873941EF6A20D00A191E9 /* Sources */,
				140873951EF6A20D00A191E9 /* Frameworks */,
				140873961EF6A20D00A191E9 /* Resources */,
				5A4B776709C0763355EBCA1D /* [CP] Embed Pods Frameworks */,
				D63B39CAD22A0A265B1370FB /* [CP] Copy Pods Resources */,
			);
			buildRules = (
			);
			dependencies = (
			);
			name = SpotifyTag;
			productName = SpotifyTag;
			productReference = 140873981EF6A20D00A191E9 /* SpotifyTag.app */;
			productType = "com.apple.product-type.application";
		};
/* End PBXNativeTarget section */

/* Begin PBXProject section */
		140873901EF6A20D00A191E9 /* Project object */ = {
			isa = PBXProject;
			attributes = {
				LastSwiftUpdateCheck = 0830;
				LastUpgradeCheck = 0830;
				ORGANIZATIONNAME = gboxx;
				TargetAttributes = {
					140873971EF6A20D00A191E9 = {
						CreatedOnToolsVersion = 8.3.3;
						LastSwiftMigration = 0830;
						ProvisioningStyle = Automatic;
					};
				};
			};
			buildConfigurationList = 140873931EF6A20D00A191E9 /* Build configuration list for PBXProject "SpotifyTag" */;
			compatibilityVersion = "Xcode 3.2";
			developmentRegion = English;
			hasScannedForEncodings = 0;
			knownRegions = (
				en,
				Base,
			);
			mainGroup = 1408738F1EF6A20D00A191E9;
			productRefGroup = 140873991EF6A20D00A191E9 /* Products */;
			projectDirPath = "";
			projectRoot = "";
			targets = (
				140873971EF6A20D00A191E9 /* SpotifyTag */,
			);
		};
/* End PBXProject section */

/* Begin PBXResourcesBuildPhase section */
		140873961EF6A20D00A191E9 /* Resources */ = {
			isa = PBXResourcesBuildPhase;
			buildActionMask = 2147483647;
			files = (
				140873A91EF6A20D00A191E9 /* LaunchScreen.storyboard in Resources */,
				140873A61EF6A20D00A191E9 /* Assets.xcassets in Resources */,
				140873A11EF6A20D00A191E9 /* Main.storyboard in Resources */,
			);
			runOnlyForDeploymentPostprocessing = 0;
		};
/* End PBXResourcesBuildPhase section */

/* Begin PBXShellScriptBuildPhase section */
		5A4B776709C0763355EBCA1D /* [CP] Embed Pods Frameworks */ = {
			isa = PBXShellScriptBuildPhase;
			buildActionMask = 2147483647;
			files = (
			);
			inputPaths = (
			);
			name = "[CP] Embed Pods Frameworks";
			outputPaths = (
			);
			runOnlyForDeploymentPostprocessing = 0;
			shellPath = /bin/sh;
			shellScript = "\"${SRCROOT}/Pods/Target Support Files/Pods-SpotifyTag/Pods-SpotifyTag-frameworks.sh\"\n";
			showEnvVarsInLog = 0;
		};
		96739FED6CB67BA61A6EBA34 /* [CP] Check Pods Manifest.lock */ = {
			isa = PBXShellScriptBuildPhase;
			buildActionMask = 2147483647;
			files = (
			);
			inputPaths = (
			);
			name = "[CP] Check Pods Manifest.lock";
			outputPaths = (
			);
			runOnlyForDeploymentPostprocessing = 0;
			shellPath = /bin/sh;
			shellScript = "diff \"${PODS_PODFILE_DIR_PATH}/Podfile.lock\" \"${PODS_ROOT}/Manifest.lock\" > /dev/null\nif [ $? != 0 ] ; then\n    # print error to STDERR\n    echo \"error: The sandbox is not in sync with the Podfile.lock. Run 'pod install' or update your CocoaPods installation.\" >&2\n    exit 1\nfi\n";
			showEnvVarsInLog = 0;
		};
		D63B39CAD22A0A265B1370FB /* [CP] Copy Pods Resources */ = {
			isa = PBXShellScriptBuildPhase;
			buildActionMask = 2147483647;
			files = (
			);
			inputPaths = (
			);
			name = "[CP] Copy Pods Resources";
			outputPaths = (
			);
			runOnlyForDeploymentPostprocessing = 0;
			shellPath = /bin/sh;
			shellScript = "\"${SRCROOT}/Pods/Target Support Files/Pods-SpotifyTag/Pods-SpotifyTag-resources.sh\"\n";
			showEnvVarsInLog = 0;
		};
/* End PBXShellScriptBuildPhase section */

/* Begin PBXSourcesBuildPhase section */
		140873941EF6A20D00A191E9 /* Sources */ = {
			isa = PBXSourcesBuildPhase;
			buildActionMask = 2147483647;
			files = (
				1408739E1EF6A20D00A191E9 /* ViewController.swift in Sources */,
				14A09CBB1EF6AA080024C275 /* Config.swift in Sources */,
				14A09CBF1EF6C7E10024C275 /* OAuth.swift in Sources */,
				146481D81EF6F0BC0028C0B1 /* AccessTokenAdapter.swift in Sources */,
				1408739C1EF6A20D00A191E9 /* AppDelegate.swift in Sources */,
				140873A41EF6A20D00A191E9 /* SpotifyTag.xcdatamodeld in Sources */,
			);
			runOnlyForDeploymentPostprocessing = 0;
		};
/* End PBXSourcesBuildPhase section */

/* Begin PBXVariantGroup section */
		1408739F1EF6A20D00A191E9 /* Main.storyboard */ = {
			isa = PBXVariantGroup;
			children = (
				140873A01EF6A20D00A191E9 /* Base */,
			);
			name = Main.storyboard;
			sourceTree = "<group>";
		};
		140873A71EF6A20D00A191E9 /* LaunchScreen.storyboard */ = {
			isa = PBXVariantGroup;
			children = (
				140873A81EF6A20D00A191E9 /* Base */,
			);
			name = LaunchScreen.storyboard;
			sourceTree = "<group>";
		};
/* End PBXVariantGroup section */

/* Begin XCBuildConfiguration section */
		140873AB1EF6A20D00A191E9 /* Debug */ = {
			isa = XCBuildConfiguration;
			buildSettings = {
				ALWAYS_SEARCH_USER_PATHS = NO;
				CLANG_ANALYZER_NONNULL = YES;
				CLANG_ANALYZER_NUMBER_OBJECT_CONVERSION = YES_AGGRESSIVE;
				CLANG_CXX_LANGUAGE_STANDARD = "gnu++0x";
				CLANG_CXX_LIBRARY = "libc++";
				CLANG_ENABLE_MODULES = YES;
				CLANG_ENABLE_OBJC_ARC = YES;
				CLANG_WARN_BOOL_CONVERSION = YES;
				CLANG_WARN_CONSTANT_CONVERSION = YES;
				CLANG_WARN_DIRECT_OBJC_ISA_USAGE = YES_ERROR;
				CLANG_WARN_DOCUMENTATION_COMMENTS = YES;
				CLANG_WARN_EMPTY_BODY = YES;
				CLANG_WARN_ENUM_CONVERSION = YES;
				CLANG_WARN_INFINITE_RECURSION = YES;
				CLANG_WARN_INT_CONVERSION = YES;
				CLANG_WARN_OBJC_ROOT_CLASS = YES_ERROR;
				CLANG_WARN_SUSPICIOUS_MOVE = YES;
				CLANG_WARN_UNREACHABLE_CODE = YES;
				CLANG_WARN__DUPLICATE_METHOD_MATCH = YES;
				"CODE_SIGN_IDENTITY[sdk=iphoneos*]" = "iPhone Developer";
				COPY_PHASE_STRIP = NO;
				DEBUG_INFORMATION_FORMAT = dwarf;
				ENABLE_STRICT_OBJC_MSGSEND = YES;
				ENABLE_TESTABILITY = YES;
				GCC_C_LANGUAGE_STANDARD = gnu99;
				GCC_DYNAMIC_NO_PIC = NO;
				GCC_NO_COMMON_BLOCKS = YES;
				GCC_OPTIMIZATION_LEVEL = 0;
				GCC_PREPROCESSOR_DEFINITIONS = (
					"DEBUG=1",
					"$(inherited)",
				);
				GCC_WARN_64_TO_32_BIT_CONVERSION = YES;
				GCC_WARN_ABOUT_RETURN_TYPE = YES_ERROR;
				GCC_WARN_UNDECLARED_SELECTOR = YES;
				GCC_WARN_UNINITIALIZED_AUTOS = YES_AGGRESSIVE;
				GCC_WARN_UNUSED_FUNCTION = YES;
				GCC_WARN_UNUSED_VARIABLE = YES;
				IPHONEOS_DEPLOYMENT_TARGET = 10.3;
				MTL_ENABLE_DEBUG_INFO = YES;
				ONLY_ACTIVE_ARCH = YES;
				SDKROOT = iphoneos;
				SWIFT_ACTIVE_COMPILATION_CONDITIONS = DEBUG;
				SWIFT_OPTIMIZATION_LEVEL = "-Onone";
				TARGETED_DEVICE_FAMILY = "1,2";
			};
			name = Debug;
		};
		140873AC1EF6A20D00A191E9 /* Release */ = {
			isa = XCBuildConfiguration;
			buildSettings = {
				ALWAYS_SEARCH_USER_PATHS = NO;
				CLANG_ANALYZER_NONNULL = YES;
				CLANG_ANALYZER_NUMBER_OBJECT_CONVERSION = YES_AGGRESSIVE;
				CLANG_CXX_LANGUAGE_STANDARD = "gnu++0x";
				CLANG_CXX_LIBRARY = "libc++";
				CLANG_ENABLE_MODULES = YES;
				CLANG_ENABLE_OBJC_ARC = YES;
				CLANG_WARN_BOOL_CONVERSION = YES;
				CLANG_WARN_CONSTANT_CONVERSION = YES;
				CLANG_WARN_DIRECT_OBJC_ISA_USAGE = YES_ERROR;
				CLANG_WARN_DOCUMENTATION_COMMENTS = YES;
				CLANG_WARN_EMPTY_BODY = YES;
				CLANG_WARN_ENUM_CONVERSION = YES;
				CLANG_WARN_INFINITE_RECURSION = YES;
				CLANG_WARN_INT_CONVERSION = YES;
				CLANG_WARN_OBJC_ROOT_CLASS = YES_ERROR;
				CLANG_WARN_SUSPICIOUS_MOVE = YES;
				CLANG_WARN_UNREACHABLE_CODE = YES;
				CLANG_WARN__DUPLICATE_METHOD_MATCH = YES;
				"CODE_SIGN_IDENTITY[sdk=iphoneos*]" = "iPhone Developer";
				COPY_PHASE_STRIP = NO;
				DEBUG_INFORMATION_FORMAT = "dwarf-with-dsym";
				ENABLE_NS_ASSERTIONS = NO;
				ENABLE_STRICT_OBJC_MSGSEND = YES;
				GCC_C_LANGUAGE_STANDARD = gnu99;
				GCC_NO_COMMON_BLOCKS = YES;
				GCC_WARN_64_TO_32_BIT_CONVERSION = YES;
				GCC_WARN_ABOUT_RETURN_TYPE = YES_ERROR;
				GCC_WARN_UNDECLARED_SELECTOR = YES;
				GCC_WARN_UNINITIALIZED_AUTOS = YES_AGGRESSIVE;
				GCC_WARN_UNUSED_FUNCTION = YES;
				GCC_WARN_UNUSED_VARIABLE = YES;
				IPHONEOS_DEPLOYMENT_TARGET = 10.3;
				MTL_ENABLE_DEBUG_INFO = NO;
				SDKROOT = iphoneos;
				SWIFT_OPTIMIZATION_LEVEL = "-Owholemodule";
				TARGETED_DEVICE_FAMILY = "1,2";
				VALIDATE_PRODUCT = YES;
			};
			name = Release;
		};
		140873AE1EF6A20D00A191E9 /* Debug */ = {
			isa = XCBuildConfiguration;
			baseConfigurationReference = A0102F174DDFBF1275AAA7DA /* Pods-SpotifyTag.debug.xcconfig */;
			buildSettings = {
				ASSETCATALOG_COMPILER_APPICON_NAME = AppIcon;
				CLANG_ENABLE_MODULES = YES;
				INFOPLIST_FILE = SpotifyTag/Info.plist;
				LD_RUNPATH_SEARCH_PATHS = "$(inherited) @executable_path/Frameworks";
				PRODUCT_BUNDLE_IDENTIFIER = io.gboxx.SpotifyTag;
				PRODUCT_NAME = "$(TARGET_NAME)";
				SWIFT_INSTALL_OBJC_HEADER = NO;
				SWIFT_OBJC_BRIDGING_HEADER = "";
				SWIFT_OPTIMIZATION_LEVEL = "-Onone";
				SWIFT_VERSION = 3.0;
			};
			name = Debug;
		};
		140873AF1EF6A20D00A191E9 /* Release */ = {
			isa = XCBuildConfiguration;
			baseConfigurationReference = 3D5A9D1F67A8672D894B36B9 /* Pods-SpotifyTag.release.xcconfig */;
			buildSettings = {
				ASSETCATALOG_COMPILER_APPICON_NAME = AppIcon;
				CLANG_ENABLE_MODULES = YES;
				INFOPLIST_FILE = SpotifyTag/Info.plist;
				LD_RUNPATH_SEARCH_PATHS = "$(inherited) @executable_path/Frameworks";
				PRODUCT_BUNDLE_IDENTIFIER = io.gboxx.SpotifyTag;
				PRODUCT_NAME = "$(TARGET_NAME)";
				SWIFT_INSTALL_OBJC_HEADER = NO;
				SWIFT_OBJC_BRIDGING_HEADER = "";
				SWIFT_VERSION = 3.0;
			};
			name = Release;
		};
/* End XCBuildConfiguration section */

/* Begin XCConfigurationList section */
		140873931EF6A20D00A191E9 /* Build configuration list for PBXProject "SpotifyTag" */ = {
			isa = XCConfigurationList;
			buildConfigurations = (
				140873AB1EF6A20D00A191E9 /* Debug */,
				140873AC1EF6A20D00A191E9 /* Release */,
			);
			defaultConfigurationIsVisible = 0;
			defaultConfigurationName = Release;
		};
		140873AD1EF6A20D00A191E9 /* Build configuration list for PBXNativeTarget "SpotifyTag" */ = {
			isa = XCConfigurationList;
			buildConfigurations = (
				140873AE1EF6A20D00A191E9 /* Debug */,
				140873AF1EF6A20D00A191E9 /* Release */,
			);
			defaultConfigurationIsVisible = 0;
			defaultConfigurationName = Release;
		};
/* End XCConfigurationList section */

/* Begin XCVersionGroup section */
		140873A21EF6A20D00A191E9 /* SpotifyTag.xcdatamodeld */ = {
			isa = XCVersionGroup;
			children = (
				140873A31EF6A20D00A191E9 /* SpotifyTag.xcdatamodel */,
			);
			currentVersion = 140873A31EF6A20D00A191E9 /* SpotifyTag.xcdatamodel */;
			path = SpotifyTag.xcdatamodeld;
			sourceTree = "<group>";
			versionGroupType = wrapper.xcdatamodel;
		};
/* End XCVersionGroup section */
	};
	rootObject = 140873901EF6A20D00A191E9 /* Project object */;
}
